
Microsoft Visual Studio Solution File, Format Version 12.00
# Visual Studio Version 17
VisualStudioVersion = 17.0.32112.339
MinimumVisualStudioVersion = 10.0.40219.1
Project("{FAE04EC0-301F-11D3-BF4B-00C04F79EFBC}") = "Cash Register", "Cash Register\Cash Register.csproj", "{2AE95025-F3B6-4A35-8C6B-0C21EC24675D}"
EndProject
Global
	GlobalSection(SolutionConfigurationPlatforms) = preSolution
		Debug|Any CPU = Debug|Any CPU
		Release|Any CPU = Release|Any CPU
	EndGlobalSection
	GlobalSection(ProjectConfigurationPlatforms) = postSolution
		{2AE95025-F3B6-4A35-8C6B-0C21EC24675D}.Debug|Any CPU.ActiveCfg = Debug|Any CPU
		{2AE95025-F3B6-4A35-8C6B-0C21EC24675D}.Debug|Any CPU.Build.0 = Debug|Any CPU
		{2AE95025-F3B6-4A35-8C6B-0C21EC24675D}.Release|Any CPU.ActiveCfg = Release|Any CPU
		{2AE95025-F3B6-4A35-8C6B-0C21EC24675D}.Release|Any CPU.Build.0 = Release|Any CPU
	EndGlobalSection
	GlobalSection(SolutionProperties) = preSolution
		HideSolutionNode = FALSE
	EndGlobalSection
	GlobalSection(ExtensibilityGlobals) = postSolution
		SolutionGuid = {F2402E0F-1584-4B19-818B-23395CBF1120}
	EndGlobalSection
EndGlobal
